// !$*UTF8*$!
{
	archiveVersion = 1;
	classes = {
	};
	objectVersion = 50;
	objects = {

/* Begin PBXBuildFile section */
		B85E0F152394DF3A00A9442B /* AppDelegate.swift in Sources */ = {isa = PBXBuildFile; fileRef = B85E0F142394DF3A00A9442B /* AppDelegate.swift */; };
		B85E0F172394DF3A00A9442B /* ViewController.swift in Sources */ = {isa = PBXBuildFile; fileRef = B85E0F162394DF3A00A9442B /* ViewController.swift */; };
		B85E0F1A2394DF3A00A9442B /* Main.storyboard in Resources */ = {isa = PBXBuildFile; fileRef = B85E0F182394DF3A00A9442B /* Main.storyboard */; };
		B85E0F1C2394DF3F00A9442B /* Assets.xcassets in Resources */ = {isa = PBXBuildFile; fileRef = B85E0F1B2394DF3F00A9442B /* Assets.xcassets */; };
		B85E0F1F2394DF3F00A9442B /* LaunchScreen.storyboard in Resources */ = {isa = PBXBuildFile; fileRef = B85E0F1D2394DF3F00A9442B /* LaunchScreen.storyboard */; };
		B85E0F2A2394DF3F00A9442B /* geofenceTests.swift in Sources */ = {isa = PBXBuildFile; fileRef = B85E0F292394DF3F00A9442B /* geofenceTests.swift */; };
/* End PBXBuildFile section */

/* Begin PBXContainerItemProxy section */
		B85E0F262394DF3F00A9442B /* PBXContainerItemProxy */ = {
			isa = PBXContainerItemProxy;
			containerPortal = B85E0F092394DF3A00A9442B /* Project object */;
			proxyType = 1;
			remoteGlobalIDString = B85E0F102394DF3A00A9442B;
			remoteInfo = geofence;
		};
/* End PBXContainerItemProxy section */

/* Begin PBXFileReference section */
		B85E0F112394DF3A00A9442B /* geofence.app */ = {isa = PBXFileReference; explicitFileType = wrapper.application; includeInIndex = 0; path = geofence.app; sourceTree = BUILT_PRODUCTS_DIR; };
		B85E0F142394DF3A00A9442B /* AppDelegate.swift */ = {isa = PBXFileReference; lastKnownFileType = sourcecode.swift; path = AppDelegate.swift; sourceTree = "<group>"; };
		B85E0F162394DF3A00A9442B /* ViewController.swift */ = {isa = PBXFileReference; lastKnownFileType = sourcecode.swift; path = ViewController.swift; sourceTree = "<group>"; };
		B85E0F192394DF3A00A9442B /* Base */ = {isa = PBXFileReference; lastKnownFileType = file.storyboard; name = Base; path = Base.lproj/Main.storyboard; sourceTree = "<group>"; };
		B85E0F1B2394DF3F00A9442B /* Assets.xcassets */ = {isa = PBXFileReference; lastKnownFileType = folder.assetcatalog; path = Assets.xcassets; sourceTree = "<group>"; };
		B85E0F1E2394DF3F00A9442B /* Base */ = {isa = PBXFileReference; lastKnownFileType = file.storyboard; name = Base; path = Base.lproj/LaunchScreen.storyboard; sourceTree = "<group>"; };
		B85E0F202394DF3F00A9442B /* Info.plist */ = {isa = PBXFileReference; lastKnownFileType = text.plist.xml; path = Info.plist; sourceTree = "<group>"; };
		B85E0F252394DF3F00A9442B /* geofenceTests.xctest */ = {isa = PBXFileReference; explicitFileType = wrapper.cfbundle; includeInIndex = 0; path = geofenceTests.xctest; sourceTree = BUILT_PRODUCTS_DIR; };
		B85E0F292394DF3F00A9442B /* geofenceTests.swift */ = {isa = PBXFileReference; lastKnownFileType = sourcecode.swift; path = geofenceTests.swift; sourceTree = "<group>"; };
		B85E0F2B2394DF3F00A9442B /* Info.plist */ = {isa = PBXFileReference; lastKnownFileType = text.plist.xml; path = Info.plist; sourceTree = "<group>"; };
/* End PBXFileReference section */

/* Begin PBXFrameworksBuildPhase section */
		B85E0F0E2394DF3A00A9442B /* Frameworks */ = {
			isa = PBXFrameworksBuildPhase;
			buildActionMask = 2147483647;
			files = (
			);
			runOnlyForDeploymentPostprocessing = 0;
		};
		B85E0F222394DF3F00A9442B /* Frameworks */ = {
			isa = PBXFrameworksBuildPhase;
			buildActionMask = 2147483647;
			files = (
			);
			runOnlyForDeploymentPostprocessing = 0;
		};
/* End PBXFrameworksBuildPhase section */

/* Begin PBXGroup section */
		B85E0F082394DF3A00A9442B = {
			isa = PBXGroup;
			children = (
				B85E0F132394DF3A00A9442B /* geofence */,
				B85E0F282394DF3F00A9442B /* geofenceTests */,
				B85E0F122394DF3A00A9442B /* Products */,
			);
			sourceTree = "<group>";
		};
		B85E0F122394DF3A00A9442B /* Products */ = {
			isa = PBXGroup;
			children = (
				B85E0F112394DF3A00A9442B /* geofence.app */,
				B85E0F252394DF3F00A9442B /* geofenceTests.xctest */,
			);
			name = Products;
			sourceTree = "<group>";
		};
		B85E0F132394DF3A00A9442B /* geofence */ = {
			isa = PBXGroup;
			children = (
				B85E0F142394DF3A00A9442B /* AppDelegate.swift */,
				B85E0F162394DF3A00A9442B /* ViewController.swift */,
				B85E0F182394DF3A00A9442B /* Main.storyboard */,
				B85E0F1B2394DF3F00A9442B /* Assets.xcassets */,
				B85E0F1D2394DF3F00A9442B /* LaunchScreen.storyboard */,
				B85E0F202394DF3F00A9442B /* Info.plist */,
			);
			path = geofence;
			sourceTree = "<group>";
		};
		B85E0F282394DF3F00A9442B /* geofenceTests */ = {
			isa = PBXGroup;
			children = (
				B85E0F292394DF3F00A9442B /* geofenceTests.swift */,
				B85E0F2B2394DF3F00A9442B /* Info.plist */,
			);
			path = geofenceTests;
			sourceTree = "<group>";
		};
/* End PBXGroup section */

/* Begin PBXNativeTarget section */
		B85E0F102394DF3A00A9442B /* geofence */ = {
			isa = PBXNativeTarget;
			buildConfigurationList = B85E0F2E2394DF3F00A9442B /* Build configuration list for PBXNativeTarget "geofence" */;
			buildPhases = (
				B85E0F0D2394DF3A00A9442B /* Sources */,
				B85E0F0E2394DF3A00A9442B /* Frameworks */,
				B85E0F0F2394DF3A00A9442B /* Resources */,
			);
			buildRules = (
			);
			dependencies = (
			);
			name = geofence;
			productName = geofence;
			productReference = B85E0F112394DF3A00A9442B /* geofence.app */;
			productType = "com.apple.product-type.application";
		};
		B85E0F242394DF3F00A9442B /* geofenceTests */ = {
			isa = PBXNativeTarget;
			buildConfigurationList = B85E0F312394DF3F00A9442B /* Build configuration list for PBXNativeTarget "geofenceTests" */;
			buildPhases = (
				B85E0F212394DF3F00A9442B /* Sources */,
				B85E0F222394DF3F00A9442B /* Frameworks */,
				B85E0F232394DF3F00A9442B /* Resources */,
			);
			buildRules = (
			);
			dependencies = (
				B85E0F272394DF3F00A9442B /* PBXTargetDependency */,
			);
			name = geofenceTests;
			productName = geofenceTests;
			productReference = B85E0F252394DF3F00A9442B /* geofenceTests.xctest */;
			productType = "com.apple.product-type.bundle.unit-test";
		};
/* End PBXNativeTarget section */

/* Begin PBXProject section */
		B85E0F092394DF3A00A9442B /* Project object */ = {
			isa = PBXProject;
			attributes = {
				LastSwiftUpdateCheck = 1030;
				LastUpgradeCheck = 1030;
				ORGANIZATIONNAME = "Zaid M. Said";
				TargetAttributes = {
					B85E0F102394DF3A00A9442B = {
						CreatedOnToolsVersion = 10.3;
					};
					B85E0F242394DF3F00A9442B = {
						CreatedOnToolsVersion = 10.3;
						TestTargetID = B85E0F102394DF3A00A9442B;
					};
				};
			};
			buildConfigurationList = B85E0F0C2394DF3A00A9442B /* Build configuration list for PBXProject "geofence" */;
			compatibilityVersion = "Xcode 9.3";
			developmentRegion = en;
			hasScannedForEncodings = 0;
			knownRegions = (
				en,
				Base,
			);
			mainGroup = B85E0F082394DF3A00A9442B;
			productRefGroup = B85E0F122394DF3A00A9442B /* Products */;
			projectDirPath = "";
			projectRoot = "";
			targets = (
				B85E0F102394DF3A00A9442B /* geofence */,
				B85E0F242394DF3F00A9442B /* geofenceTests */,
			);
		};
/* End PBXProject section */

/* Begin PBXResourcesBuildPhase section */
		B85E0F0F2394DF3A00A9442B /* Resources */ = {
			isa = PBXResourcesBuildPhase;
			buildActionMask = 2147483647;
			files = (
				B85E0F1F2394DF3F00A9442B /* LaunchScreen.storyboard in Resources */,
				B85E0F1C2394DF3F00A9442B /* Assets.xcassets in Resources */,
				B85E0F1A2394DF3A00A9442B /* Main.storyboard in Resources */,
			);
			runOnlyForDeploymentPostprocessing = 0;
		};
		B85E0F232394DF3F00A9442B /* Resources */ = {
			isa = PBXResourcesBuildPhase;
			buildActionMask = 2147483647;
			files = (
			);
			runOnlyForDeploymentPostprocessing = 0;
		};
/* End PBXResourcesBuildPhase section */

/* Begin PBXSourcesBuildPhase section */
		B85E0F0D2394DF3A00A9442B /* Sources */ = {
			isa = PBXSourcesBuildPhase;
			buildActionMask = 2147483647;
			files = (
				B85E0F172394DF3A00A9442B /* ViewController.swift in Sources */,
				B85E0F152394DF3A00A9442B /* AppDelegate.swift in Sources */,
			);
			runOnlyForDeploymentPostprocessing = 0;
		};
		B85E0F212394DF3F00A9442B /* Sources */ = {
			isa = PBXSourcesBuildPhase;
			buildActionMask = 2147483647;
			files = (
				B85E0F2A2394DF3F00A9442B /* geofenceTests.swift in Sources */,
			);
			runOnlyForDeploymentPostprocessing = 0;
		};
/* End PBXSourcesBuildPhase section */

/* Begin PBXTargetDependency section */
		B85E0F272394DF3F00A9442B /* PBXTargetDependency */ = {
			isa = PBXTargetDependency;
			target = B85E0F102394DF3A00A9442B /* geofence */;
			targetProxy = B85E0F262394DF3F00A9442B /* PBXContainerItemProxy */;
		};
/* End PBXTargetDependency section */

/* Begin PBXVariantGroup section */
		B85E0F182394DF3A00A9442B /* Main.storyboard */ = {
			isa = PBXVariantGroup;
			children = (
				B85E0F192394DF3A00A9442B /* Base */,
			);
			name = Main.storyboard;
			sourceTree = "<group>";
		};
		B85E0F1D2394DF3F00A9442B /* LaunchScreen.storyboard */ = {
			isa = PBXVariantGroup;
			children = (
				B85E0F1E2394DF3F00A9442B /* Base */,
			);
			name = LaunchScreen.storyboard;
			sourceTree = "<group>";
		};
/* End PBXVariantGroup section */

/* Begin XCBuildConfiguration section */
		B85E0F2C2394DF3F00A9442B /* Debug */ = {
			isa = XCBuildConfiguration;
			buildSettings = {
				ALWAYS_SEARCH_USER_PATHS = NO;
				CLANG_ANALYZER_NONNULL = YES;
				CLANG_ANALYZER_NUMBER_OBJECT_CONVERSION = YES_AGGRESSIVE;
				CLANG_CXX_LANGUAGE_STANDARD = "gnu++14";
				CLANG_CXX_LIBRARY = "libc++";
				CLANG_ENABLE_MODULES = YES;
				CLANG_ENABLE_OBJC_ARC = YES;
				CLANG_ENABLE_OBJC_WEAK = YES;
				CLANG_WARN_BLOCK_CAPTURE_AUTORELEASING = YES;
				CLANG_WARN_BOOL_CONVERSION = YES;
				CLANG_WARN_COMMA = YES;
				CLANG_WARN_CONSTANT_CONVERSION = YES;
				CLANG_WARN_DEPRECATED_OBJC_IMPLEMENTATIONS = YES;
				CLANG_WARN_DIRECT_OBJC_ISA_USAGE = YES_ERROR;
				CLANG_WARN_DOCUMENTATION_COMMENTS = YES;
				CLANG_WARN_EMPTY_BODY = YES;
				CLANG_WARN_ENUM_CONVERSION = YES;
				CLANG_WARN_INFINITE_RECURSION = YES;
				CLANG_WARN_INT_CONVERSION = YES;
				CLANG_WARN_NON_LITERAL_NULL_CONVERSION = YES;
				CLANG_WARN_OBJC_IMPLICIT_RETAIN_SELF = YES;
				CLANG_WARN_OBJC_LITERAL_CONVERSION = YES;
				CLANG_WARN_OBJC_ROOT_CLASS = YES_ERROR;
				CLANG_WARN_RANGE_LOOP_ANALYSIS = YES;
				CLANG_WARN_STRICT_PROTOTYPES = YES;
				CLANG_WARN_SUSPICIOUS_MOVE = YES;
				CLANG_WARN_UNGUARDED_AVAILABILITY = YES_AGGRESSIVE;
				CLANG_WARN_UNREACHABLE_CODE = YES;
				CLANG_WARN__DUPLICATE_METHOD_MATCH = YES;
				CODE_SIGN_IDENTITY = "iPhone Developer";
				COPY_PHASE_STRIP = NO;
				DEBUG_INFORMATION_FORMAT = dwarf;
				ENABLE_STRICT_OBJC_MSGSEND = YES;
				ENABLE_TESTABILITY = YES;
				GCC_C_LANGUAGE_STANDARD = gnu11;
				GCC_DYNAMIC_NO_PIC = NO;
				GCC_NO_COMMON_BLOCKS = YES;
				GCC_OPTIMIZATION_LEVEL = 0;
				GCC_PREPROCESSOR_DEFINITIONS = (
					"DEBUG=1",
					"$(inherited)",
				);
				GCC_WARN_64_TO_32_BIT_CONVERSION = YES;
				GCC_WARN_ABOUT_RETURN_TYPE = YES_ERROR;
				GCC_WARN_UNDECLARED_SELECTOR = YES;
				GCC_WARN_UNINITIALIZED_AUTOS = YES_AGGRESSIVE;
				GCC_WARN_UNUSED_FUNCTION = YES;
				GCC_WARN_UNUSED_VARIABLE = YES;
				IPHONEOS_DEPLOYMENT_TARGET = 12.4;
				MTL_ENABLE_DEBUG_INFO = INCLUDE_SOURCE;
				MTL_FAST_MATH = YES;
				ONLY_ACTIVE_ARCH = YES;
				SDKROOT = iphoneos;
				SWIFT_ACTIVE_COMPILATION_CONDITIONS = DEBUG;
				SWIFT_OPTIMIZATION_LEVEL = "-Onone";
			};
			name = Debug;
		};
		B85E0F2D2394DF3F00A9442B /* Release */ = {
			isa = XCBuildConfiguration;
			buildSettings = {
				ALWAYS_SEARCH_USER_PATHS = NO;
				CLANG_ANALYZER_NONNULL = YES;
				CLANG_ANALYZER_NUMBER_OBJECT_CONVERSION = YES_AGGRESSIVE;
				CLANG_CXX_LANGUAGE_STANDARD = "gnu++14";
				CLANG_CXX_LIBRARY = "libc++";
				CLANG_ENABLE_MODULES = YES;
				CLANG_ENABLE_OBJC_ARC = YES;
				CLANG_ENABLE_OBJC_WEAK = YES;
				CLANG_WARN_BLOCK_CAPTURE_AUTORELEASING = YES;
				CLANG_WARN_BOOL_CONVERSION = YES;
				CLANG_WARN_COMMA = YES;
				CLANG_WARN_CONSTANT_CONVERSION = YES;
				CLANG_WARN_DEPRECATED_OBJC_IMPLEMENTATIONS = YES;
				CLANG_WARN_DIRECT_OBJC_ISA_USAGE = YES_ERROR;
				CLANG_WARN_DOCUMENTATION_COMMENTS = YES;
				CLANG_WARN_EMPTY_BODY = YES;
				CLANG_WARN_ENUM_CONVERSION = YES;
				CLANG_WARN_INFINITE_RECURSION = YES;
				CLANG_WARN_INT_CONVERSION = YES;
				CLANG_WARN_NON_LITERAL_NULL_CONVERSION = YES;
				CLANG_WARN_OBJC_IMPLICIT_RETAIN_SELF = YES;
				CLANG_WARN_OBJC_LITERAL_CONVERSION = YES;
				CLANG_WARN_OBJC_ROOT_CLASS = YES_ERROR;
				CLANG_WARN_RANGE_LOOP_ANALYSIS = YES;
				CLANG_WARN_STRICT_PROTOTYPES = YES;
				CLANG_WARN_SUSPICIOUS_MOVE = YES;
				CLANG_WARN_UNGUARDED_AVAILABILITY = YES_AGGRESSIVE;
				CLANG_WARN_UNREACHABLE_CODE = YES;
				CLANG_WARN__DUPLICATE_METHOD_MATCH = YES;
				CODE_SIGN_IDENTITY = "iPhone Developer";
				COPY_PHASE_STRIP = NO;
				DEBUG_INFORMATION_FORMAT = "dwarf-with-dsym";
				ENABLE_NS_ASSERTIONS = NO;
				ENABLE_STRICT_OBJC_MSGSEND = YES;
				GCC_C_LANGUAGE_STANDARD = gnu11;
				GCC_NO_COMMON_BLOCKS = YES;
				GCC_WARN_64_TO_32_BIT_CONVERSION = YES;
				GCC_WARN_ABOUT_RETURN_TYPE = YES_ERROR;
				GCC_WARN_UNDECLARED_SELECTOR = YES;
				GCC_WARN_UNINITIALIZED_AUTOS = YES_AGGRESSIVE;
				GCC_WARN_UNUSED_FUNCTION = YES;
				GCC_WARN_UNUSED_VARIABLE = YES;
				IPHONEOS_DEPLOYMENT_TARGET = 12.4;
				MTL_ENABLE_DEBUG_INFO = NO;
				MTL_FAST_MATH = YES;
				SDKROOT = iphoneos;
				SWIFT_COMPILATION_MODE = wholemodule;
				SWIFT_OPTIMIZATION_LEVEL = "-O";
				VALIDATE_PRODUCT = YES;
			};
			name = Release;
		};
		B85E0F2F2394DF3F00A9442B /* Debug */ = {
			isa = XCBuildConfiguration;
			buildSettings = {
				ASSETCATALOG_COMPILER_APPICON_NAME = AppIcon;
				CODE_SIGN_STYLE = Automatic;
				DEVELOPMENT_TEAM = CH72SXNYZ3;
				INFOPLIST_FILE = geofence/Info.plist;
				LD_RUNPATH_SEARCH_PATHS = (
					"$(inherited)",
					"@executable_path/Frameworks",
				);
				PRODUCT_BUNDLE_IDENTIFIER = com.sentulasia.geofence;
				PRODUCT_NAME = "$(TARGET_NAME)";
				SWIFT_VERSION = 5.0;
				TARGETED_DEVICE_FAMILY = "1,2";
			};
			name = Debug;
		};
		B85E0F302394DF3F00A9442B /* Release */ = {
			isa = XCBuildConfiguration;
			buildSettings = {
				ASSETCATALOG_COMPILER_APPICON_NAME = AppIcon;
				CODE_SIGN_STYLE = Automatic;
				DEVELOPMENT_TEAM = CH72SXNYZ3;
				INFOPLIST_FILE = geofence/Info.plist;
				LD_RUNPATH_SEARCH_PATHS = (
					"$(inherited)",
					"@executable_path/Frameworks",
				);
				PRODUCT_BUNDLE_IDENTIFIER = com.sentulasia.geofence;
				PRODUCT_NAME = "$(TARGET_NAME)";
				SWIFT_VERSION = 5.0;
				TARGETED_DEVICE_FAMILY = "1,2";
			};
			name = Release;
		};
		B85E0F322394DF3F00A9442B /* Debug */ = {
			isa = XCBuildConfiguration;
			buildSettings = {
				ALWAYS_EMBED_SWIFT_STANDARD_LIBRARIES = YES;
				BUNDLE_LOADER = "$(TEST_HOST)";
				CODE_SIGN_STYLE = Automatic;
				DEVELOPMENT_TEAM = CH72SXNYZ3;
				INFOPLIST_FILE = geofenceTests/Info.plist;
				LD_RUNPATH_SEARCH_PATHS = (
					"$(inherited)",
					"@executable_path/Frameworks",
					"@loader_path/Frameworks",
				);
				PRODUCT_BUNDLE_IDENTIFIER = com.sentulasia.geofenceTests;
				PRODUCT_NAME = "$(TARGET_NAME)";
				SWIFT_VERSION = 5.0;
				TARGETED_DEVICE_FAMILY = "1,2";
				TEST_HOST = "$(BUILT_PRODUCTS_DIR)/geofence.app/geofence";
			};
			name = Debug;
		};
		B85E0F332394DF3F00A9442B /* Release */ = {
			isa = XCBuildConfiguration;
			buildSettings = {
				ALWAYS_EMBED_SWIFT_STANDARD_LIBRARIES = YES;
				BUNDLE_LOADER = "$(TEST_HOST)";
				CODE_SIGN_STYLE = Automatic;
				DEVELOPMENT_TEAM = CH72SXNYZ3;
				INFOPLIST_FILE = geofenceTests/Info.plist;
				LD_RUNPATH_SEARCH_PATHS = (
					"$(inherited)",
					"@executable_path/Frameworks",
					"@loader_path/Frameworks",
				);
				PRODUCT_BUNDLE_IDENTIFIER = com.sentulasia.geofenceTests;
				PRODUCT_NAME = "$(TARGET_NAME)";
				SWIFT_VERSION = 5.0;
				TARGETED_DEVICE_FAMILY = "1,2";
				TEST_HOST = "$(BUILT_PRODUCTS_DIR)/geofence.app/geofence";
			};
			name = Release;
		};
/* End XCBuildConfiguration section */

/* Begin XCConfigurationList section */
		B85E0F0C2394DF3A00A9442B /* Build configuration list for PBXProject "geofence" */ = {
			isa = XCConfigurationList;
			buildConfigurations = (
				B85E0F2C2394DF3F00A9442B /* Debug */,
				B85E0F2D2394DF3F00A9442B /* Release */,
			);
			defaultConfigurationIsVisible = 0;
			defaultConfigurationName = Release;
		};
		B85E0F2E2394DF3F00A9442B /* Build configuration list for PBXNativeTarget "geofence" */ = {
			isa = XCConfigurationList;
			buildConfigurations = (
				B85E0F2F2394DF3F00A9442B /* Debug */,
				B85E0F302394DF3F00A9442B /* Release */,
			);
			defaultConfigurationIsVisible = 0;
			defaultConfigurationName = Release;
		};
		B85E0F312394DF3F00A9442B /* Build configuration list for PBXNativeTarget "geofenceTests" */ = {
			isa = XCConfigurationList;
			buildConfigurations = (
				B85E0F322394DF3F00A9442B /* Debug */,
				B85E0F332394DF3F00A9442B /* Release */,
			);
			defaultConfigurationIsVisible = 0;
			defaultConfigurationName = Release;
		};
/* End XCConfigurationList section */
	};
	rootObject = B85E0F092394DF3A00A9442B /* Project object */;
}
